
Microsoft Visual Studio Solution File, Format Version 12.00
# Visual Studio 15
VisualStudioVersion = 15.0.26730.12
MinimumVisualStudioVersion = 10.0.40219.1
Project("{FAE04EC0-301F-11D3-BF4B-00C04F79EFBC}") = "01 - Um416", "Um416\01 - Um416.csproj", "{1CE7B609-70C5-4FF9-9C9E-D18797852795}"
EndProject
Project("{FAE04EC0-301F-11D3-BF4B-00C04F79EFBC}") = "02 - Um416.DAL", "Um416.DAL\02 - Um416.DAL.csproj", "{2B57F0C6-B34F-4E26-BE1F-A5A1336E654B}"
EndProject
Project("{FAE04EC0-301F-11D3-BF4B-00C04F79EFBC}") = "03 - Um416.BLL", "Um416.BLL\03 - Um416.BLL.csproj", "{7D996E2E-1622-47BA-8284-F59BE66846FA}"
EndProject
Project("{FAE04EC0-301F-11D3-BF4B-00C04F79EFBC}") = "04 - Um416.API", "Um416.API\04 - Um416.API.csproj", "{1446059F-D07F-43C3-8EFB-DB8A0116A3A2}"
EndProject
Project("{FAE04EC0-301F-11D3-BF4B-00C04F79EFBC}") = "05 - Um416.UI.Admin", "Um416.UI.Admin\05 - Um416.UI.Admin.csproj", "{7DA000F6-ECC1-4DE3-BBED-012F13D15854}"
EndProject
Project("{FAE04EC0-301F-11D3-BF4B-00C04F79EFBC}") = "08 - Um416.UI.Cliente", "Um416.UI.Cliente\08 - Um416.UI.Cliente.csproj", "{F94B70DC-3CA0-4270-BB2D-F5399D9C9F16}"
EndProject
Project("{FAE04EC0-301F-11D3-BF4B-00C04F79EFBC}") = "07 - Um416.UI.Vendedor", "Um416.UI.Vendedor\07 - Um416.UI.Vendedor.csproj", "{F2B8EA74-11B1-4228-BC3C-83CA15FFDE9B}"
EndProject
Project("{FAE04EC0-301F-11D3-BF4B-00C04F79EFBC}") = "06 - Um416.UI.Empresa", "Um416.UI.Empresa\06 - Um416.UI.Empresa.csproj", "{63A5B2C6-7820-400D-A3EF-21D094EBF5FC}"
EndProject
Project("{FAE04EC0-301F-11D3-BF4B-00C04F79EFBC}") = "09 - Um416.UI.Indicacao", "Um416.UI.Indicacao\09 - Um416.UI.Indicacao.csproj", "{1F094C94-07AD-44E1-AB23-9AA677452E2F}"
EndProject
Global
	GlobalSection(SolutionConfigurationPlatforms) = preSolution
		Debug|Any CPU = Debug|Any CPU
		Release|Any CPU = Release|Any CPU
	EndGlobalSection
	GlobalSection(ProjectConfigurationPlatforms) = postSolution
		{1CE7B609-70C5-4FF9-9C9E-D18797852795}.Debug|Any CPU.ActiveCfg = Debug|Any CPU
		{1CE7B609-70C5-4FF9-9C9E-D18797852795}.Debug|Any CPU.Build.0 = Debug|Any CPU
		{1CE7B609-70C5-4FF9-9C9E-D18797852795}.Release|Any CPU.ActiveCfg = Release|Any CPU
		{1CE7B609-70C5-4FF9-9C9E-D18797852795}.Release|Any CPU.Build.0 = Release|Any CPU
		{2B57F0C6-B34F-4E26-BE1F-A5A1336E654B}.Debug|Any CPU.ActiveCfg = Debug|Any CPU
		{2B57F0C6-B34F-4E26-BE1F-A5A1336E654B}.Debug|Any CPU.Build.0 = Debug|Any CPU
		{2B57F0C6-B34F-4E26-BE1F-A5A1336E654B}.Release|Any CPU.ActiveCfg = Release|Any CPU
		{2B57F0C6-B34F-4E26-BE1F-A5A1336E654B}.Release|Any CPU.Build.0 = Release|Any CPU
		{7D996E2E-1622-47BA-8284-F59BE66846FA}.Debug|Any CPU.ActiveCfg = Debug|Any CPU
		{7D996E2E-1622-47BA-8284-F59BE66846FA}.Debug|Any CPU.Build.0 = Debug|Any CPU
		{7D996E2E-1622-47BA-8284-F59BE66846FA}.Release|Any CPU.ActiveCfg = Release|Any CPU
		{7D996E2E-1622-47BA-8284-F59BE66846FA}.Release|Any CPU.Build.0 = Release|Any CPU
		{1446059F-D07F-43C3-8EFB-DB8A0116A3A2}.Debug|Any CPU.ActiveCfg = Debug|Any CPU
		{1446059F-D07F-43C3-8EFB-DB8A0116A3A2}.Debug|Any CPU.Build.0 = Debug|Any CPU
		{1446059F-D07F-43C3-8EFB-DB8A0116A3A2}.Release|Any CPU.ActiveCfg = Release|Any CPU
		{1446059F-D07F-43C3-8EFB-DB8A0116A3A2}.Release|Any CPU.Build.0 = Release|Any CPU
		{7DA000F6-ECC1-4DE3-BBED-012F13D15854}.Debug|Any CPU.ActiveCfg = Debug|Any CPU
		{7DA000F6-ECC1-4DE3-BBED-012F13D15854}.Debug|Any CPU.Build.0 = Debug|Any CPU
		{7DA000F6-ECC1-4DE3-BBED-012F13D15854}.Release|Any CPU.ActiveCfg = Release|Any CPU
		{7DA000F6-ECC1-4DE3-BBED-012F13D15854}.Release|Any CPU.Build.0 = Release|Any CPU
		{F94B70DC-3CA0-4270-BB2D-F5399D9C9F16}.Debug|Any CPU.ActiveCfg = Debug|Any CPU
		{F94B70DC-3CA0-4270-BB2D-F5399D9C9F16}.Debug|Any CPU.Build.0 = Debug|Any CPU
		{F94B70DC-3CA0-4270-BB2D-F5399D9C9F16}.Release|Any CPU.ActiveCfg = Release|Any CPU
		{F94B70DC-3CA0-4270-BB2D-F5399D9C9F16}.Release|Any CPU.Build.0 = Release|Any CPU
		{F2B8EA74-11B1-4228-BC3C-83CA15FFDE9B}.Debug|Any CPU.ActiveCfg = Debug|Any CPU
		{F2B8EA74-11B1-4228-BC3C-83CA15FFDE9B}.Debug|Any CPU.Build.0 = Debug|Any CPU
		{F2B8EA74-11B1-4228-BC3C-83CA15FFDE9B}.Release|Any CPU.ActiveCfg = Release|Any CPU
		{F2B8EA74-11B1-4228-BC3C-83CA15FFDE9B}.Release|Any CPU.Build.0 = Release|Any CPU
		{63A5B2C6-7820-400D-A3EF-21D094EBF5FC}.Debug|Any CPU.ActiveCfg = Debug|Any CPU
		{63A5B2C6-7820-400D-A3EF-21D094EBF5FC}.Debug|Any CPU.Build.0 = Debug|Any CPU
		{63A5B2C6-7820-400D-A3EF-21D094EBF5FC}.Release|Any CPU.ActiveCfg = Release|Any CPU
		{63A5B2C6-7820-400D-A3EF-21D094EBF5FC}.Release|Any CPU.Build.0 = Release|Any CPU
		{1F094C94-07AD-44E1-AB23-9AA677452E2F}.Debug|Any CPU.ActiveCfg = Debug|Any CPU
		{1F094C94-07AD-44E1-AB23-9AA677452E2F}.Debug|Any CPU.Build.0 = Debug|Any CPU
		{1F094C94-07AD-44E1-AB23-9AA677452E2F}.Release|Any CPU.ActiveCfg = Release|Any CPU
		{1F094C94-07AD-44E1-AB23-9AA677452E2F}.Release|Any CPU.Build.0 = Release|Any CPU
	EndGlobalSection
	GlobalSection(SolutionProperties) = preSolution
		HideSolutionNode = FALSE
	EndGlobalSection
	GlobalSection(ExtensibilityGlobals) = postSolution
		SolutionGuid = {BB18965E-1754-4630-8F9A-61E8DE16ED20}
	EndGlobalSection
EndGlobal
